// !$*UTF8*$!
{
	archiveVersion = 1;
	classes = {
	};
	objectVersion = 77;
	objects = {

/* Begin PBXBuildFile section */
		79289F332E1F5FF8007C4B58 /* AIModule.framework in Frameworks */ = {isa = PBXBuildFile; fileRef = 79289F272E1F5FF7007C4B58 /* AIModule.framework */; };
		DA0150675FB406E62F28ADC8 /* Pods_AIModule.framework in Frameworks */ = {isa = PBXBuildFile; fileRef = 43717C34C6A1DDAE01D6054D /* Pods_AIModule.framework */; };
		F51C95822BCB043B04283479 /* Pods_AIModuleTests.framework in Frameworks */ = {isa = PBXBuildFile; fileRef = 2DD5DAE05F0CA083074752E5 /* Pods_AIModuleTests.framework */; };
/* End PBXBuildFile section */

/* Begin PBXContainerItemProxy section */
		79289F342E1F5FF8007C4B58 /* PBXContainerItemProxy */ = {
			isa = PBXContainerItemProxy;
			containerPortal = 79289F1E2E1F5FF7007C4B58 /* Project object */;
			proxyType = 1;
			remoteGlobalIDString = 79289F262E1F5FF7007C4B58;
			remoteInfo = AIModule;
		};
/* End PBXContainerItemProxy section */

/* Begin PBXFileReference section */
		13115563F153B28A1F6C9BB6 /* Pods-AIModuleTests.debug.xcconfig */ = {isa = PBXFileReference; includeInIndex = 1; lastKnownFileType = text.xcconfig; name = "Pods-AIModuleTests.debug.xcconfig"; path = "Target Support Files/Pods-AIModuleTests/Pods-AIModuleTests.debug.xcconfig"; sourceTree = "<group>"; };
		2DD5DAE05F0CA083074752E5 /* Pods_AIModuleTests.framework */ = {isa = PBXFileReference; explicitFileType = wrapper.framework; includeInIndex = 0; path = Pods_AIModuleTests.framework; sourceTree = BUILT_PRODUCTS_DIR; };
		3285CC321EBCE677B787EFC7 /* Pods-AIModule.debug.xcconfig */ = {isa = PBXFileReference; includeInIndex = 1; lastKnownFileType = text.xcconfig; name = "Pods-AIModule.debug.xcconfig"; path = "Target Support Files/Pods-AIModule/Pods-AIModule.debug.xcconfig"; sourceTree = "<group>"; };
		43717C34C6A1DDAE01D6054D /* Pods_AIModule.framework */ = {isa = PBXFileReference; explicitFileType = wrapper.framework; includeInIndex = 0; path = Pods_AIModule.framework; sourceTree = BUILT_PRODUCTS_DIR; };
		6868930AC31A4ED449A7266C /* Pods-AIModuleTests.release.xcconfig */ = {isa = PBXFileReference; includeInIndex = 1; lastKnownFileType = text.xcconfig; name = "Pods-AIModuleTests.release.xcconfig"; path = "Target Support Files/Pods-AIModuleTests/Pods-AIModuleTests.release.xcconfig"; sourceTree = "<group>"; };
		79289F272E1F5FF7007C4B58 /* AIModule.framework */ = {isa = PBXFileReference; explicitFileType = wrapper.framework; includeInIndex = 0; path = AIModule.framework; sourceTree = BUILT_PRODUCTS_DIR; };
		79289F322E1F5FF8007C4B58 /* AIModuleTests.xctest */ = {isa = PBXFileReference; explicitFileType = wrapper.cfbundle; includeInIndex = 0; path = AIModuleTests.xctest; sourceTree = BUILT_PRODUCTS_DIR; };
		8195670F586D81FC0B888846 /* Pods-AIModule.release.xcconfig */ = {isa = PBXFileReference; includeInIndex = 1; lastKnownFileType = text.xcconfig; name = "Pods-AIModule.release.xcconfig"; path = "Target Support Files/Pods-AIModule/Pods-AIModule.release.xcconfig"; sourceTree = "<group>"; };
/* End PBXFileReference section */

/* Begin PBXFileSystemSynchronizedRootGroup section */
		7994CDC82E1F6D9E00729C62 /* AIModuleTests */ = {
			isa = PBXFileSystemSynchronizedRootGroup;
			name = AIModuleTests;
			path = Tests/AIModuleTests;
			sourceTree = "<group>";
		};
		7994CDE02E1F6DC300729C62 /* AIModule */ = {
			isa = PBXFileSystemSynchronizedRootGroup;
			name = AIModule;
			path = Sources/AIModule;
			sourceTree = "<group>";
		};
/* End PBXFileSystemSynchronizedRootGroup section */

/* Begin PBXFrameworksBuildPhase section */
		79289F242E1F5FF7007C4B58 /* Frameworks */ = {
			isa = PBXFrameworksBuildPhase;
			buildActionMask = 2147483647;
			files = (
				DA0150675FB406E62F28ADC8 /* Pods_AIModule.framework in Frameworks */,
			);
			runOnlyForDeploymentPostprocessing = 0;
		};
		79289F2F2E1F5FF8007C4B58 /* Frameworks */ = {
			isa = PBXFrameworksBuildPhase;
			buildActionMask = 2147483647;
			files = (
				79289F332E1F5FF8007C4B58 /* AIModule.framework in Frameworks */,
				F51C95822BCB043B04283479 /* Pods_AIModuleTests.framework in Frameworks */,
			);
			runOnlyForDeploymentPostprocessing = 0;
		};
/* End PBXFrameworksBuildPhase section */

/* Begin PBXGroup section */
		79289F1D2E1F5FF7007C4B58 = {
			isa = PBXGroup;
			children = (
				7994CDE02E1F6DC300729C62 /* AIModule */,
				7994CDC82E1F6D9E00729C62 /* AIModuleTests */,
				79289F282E1F5FF7007C4B58 /* Products */,
				950C6C445364E7688F19FA7B /* Pods */,
				C3B0602970E04D037B85AB93 /* Frameworks */,
			);
			sourceTree = "<group>";
		};
		79289F282E1F5FF7007C4B58 /* Products */ = {
			isa = PBXGroup;
			children = (
				79289F272E1F5FF7007C4B58 /* AIModule.framework */,
				79289F322E1F5FF8007C4B58 /* AIModuleTests.xctest */,
			);
			name = Products;
			sourceTree = "<group>";
		};
		950C6C445364E7688F19FA7B /* Pods */ = {
			isa = PBXGroup;
			children = (
				3285CC321EBCE677B787EFC7 /* Pods-AIModule.debug.xcconfig */,
				8195670F586D81FC0B888846 /* Pods-AIModule.release.xcconfig */,
				13115563F153B28A1F6C9BB6 /* Pods-AIModuleTests.debug.xcconfig */,
				6868930AC31A4ED449A7266C /* Pods-AIModuleTests.release.xcconfig */,
			);
			path = Pods;
			sourceTree = "<group>";
		};
		C3B0602970E04D037B85AB93 /* Frameworks */ = {
			isa = PBXGroup;
			children = (
				43717C34C6A1DDAE01D6054D /* Pods_AIModule.framework */,
				2DD5DAE05F0CA083074752E5 /* Pods_AIModuleTests.framework */,
			);
			name = Frameworks;
			sourceTree = "<group>";
		};
/* End PBXGroup section */

/* Begin PBXHeadersBuildPhase section */
		79289F222E1F5FF7007C4B58 /* Headers */ = {
			isa = PBXHeadersBuildPhase;
			buildActionMask = 2147483647;
			files = (
			);
			runOnlyForDeploymentPostprocessing = 0;
		};
/* End PBXHeadersBuildPhase section */

/* Begin PBXNativeTarget section */
		79289F262E1F5FF7007C4B58 /* AIModule */ = {
			isa = PBXNativeTarget;
			buildConfigurationList = 79289F3B2E1F5FF8007C4B58 /* Build configuration list for PBXNativeTarget "AIModule" */;
			buildPhases = (
				31BC8760AC088AD17DCFE261 /* [CP] Check Pods Manifest.lock */,
				79289F222E1F5FF7007C4B58 /* Headers */,
				79289F232E1F5FF7007C4B58 /* Sources */,
				79289F242E1F5FF7007C4B58 /* Frameworks */,
				79289F252E1F5FF7007C4B58 /* Resources */,
			);
			buildRules = (
			);
			dependencies = (
			);
			fileSystemSynchronizedGroups = (
				7994CDE02E1F6DC300729C62 /* AIModule */,
			);
			name = AIModule;
			productName = AIModule;
			productReference = 79289F272E1F5FF7007C4B58 /* AIModule.framework */;
			productType = "com.apple.product-type.framework";
		};
		79289F312E1F5FF8007C4B58 /* AIModuleTests */ = {
			isa = PBXNativeTarget;
			buildConfigurationList = 79289F3E2E1F5FF8007C4B58 /* Build configuration list for PBXNativeTarget "AIModuleTests" */;
			buildPhases = (
				417942C5D56021F8DA054334 /* [CP] Check Pods Manifest.lock */,
				79289F2E2E1F5FF8007C4B58 /* Sources */,
				79289F2F2E1F5FF8007C4B58 /* Frameworks */,
				79289F302E1F5FF8007C4B58 /* Resources */,
			);
			buildRules = (
			);
			dependencies = (
				79289F352E1F5FF8007C4B58 /* PBXTargetDependency */,
			);
			fileSystemSynchronizedGroups = (
				7994CDC82E1F6D9E00729C62 /* AIModuleTests */,
			);
			name = AIModuleTests;
			productName = AIModuleTests;
			productReference = 79289F322E1F5FF8007C4B58 /* AIModuleTests.xctest */;
			productType = "com.apple.product-type.bundle.unit-test";
		};
/* End PBXNativeTarget section */

/* Begin PBXProject section */
		79289F1E2E1F5FF7007C4B58 /* Project object */ = {
			isa = PBXProject;
			attributes = {
				BuildIndependentTargetsInParallel = 1;
				LastSwiftUpdateCheck = 1630;
				LastUpgradeCheck = 1630;
				TargetAttributes = {
					79289F262E1F5FF7007C4B58 = {
						CreatedOnToolsVersion = 16.3;
					};
					79289F312E1F5FF8007C4B58 = {
						CreatedOnToolsVersion = 16.3;
					};
				};
			};
			buildConfigurationList = 79289F212E1F5FF7007C4B58 /* Build configuration list for PBXProject "AIModule" */;
			developmentRegion = en;
			hasScannedForEncodings = 0;
			knownRegions = (
				en,
				Base,
			);
			mainGroup = 79289F1D2E1F5FF7007C4B58;
			minimizedProjectReferenceProxies = 1;
			preferredProjectObjectVersion = 77;
			productRefGroup = 79289F282E1F5FF7007C4B58 /* Products */;
			projectDirPath = "";
			projectRoot = "";
			targets = (
				79289F262E1F5FF7007C4B58 /* AIModule */,
				79289F312E1F5FF8007C4B58 /* AIModuleTests */,
			);
		};
/* End PBXProject section */

/* Begin PBXResourcesBuildPhase section */
		79289F252E1F5FF7007C4B58 /* Resources */ = {
			isa = PBXResourcesBuildPhase;
			buildActionMask = 2147483647;
			files = (
			);
			runOnlyForDeploymentPostprocessing = 0;
		};
		79289F302E1F5FF8007C4B58 /* Resources */ = {
			isa = PBXResourcesBuildPhase;
			buildActionMask = 2147483647;
			files = (
			);
			runOnlyForDeploymentPostprocessing = 0;
		};
/* End PBXResourcesBuildPhase section */

/* Begin PBXShellScriptBuildPhase section */
		31BC8760AC088AD17DCFE261 /* [CP] Check Pods Manifest.lock */ = {
			isa = PBXShellScriptBuildPhase;
			buildActionMask = 2147483647;
			files = (
			);
			inputFileListPaths = (
			);
			inputPaths = (
				"${PODS_PODFILE_DIR_PATH}/Podfile.lock",
				"${PODS_ROOT}/Manifest.lock",
			);
			name = "[CP] Check Pods Manifest.lock";
			outputFileListPaths = (
			);
			outputPaths = (
				"$(DERIVED_FILE_DIR)/Pods-AIModule-checkManifestLockResult.txt",
			);
			runOnlyForDeploymentPostprocessing = 0;
			shellPath = /bin/sh;
			shellScript = "diff \"${PODS_PODFILE_DIR_PATH}/Podfile.lock\" \"${PODS_ROOT}/Manifest.lock\" > /dev/null\nif [ $? != 0 ] ; then\n    # print error to STDERR\n    echo \"error: The sandbox is not in sync with the Podfile.lock. Run 'pod install' or update your CocoaPods installation.\" >&2\n    exit 1\nfi\n# This output is used by Xcode 'outputs' to avoid re-running this script phase.\necho \"SUCCESS\" > \"${SCRIPT_OUTPUT_FILE_0}\"\n";
			showEnvVarsInLog = 0;
		};
		417942C5D56021F8DA054334 /* [CP] Check Pods Manifest.lock */ = {
			isa = PBXShellScriptBuildPhase;
			buildActionMask = 2147483647;
			files = (
			);
			inputFileListPaths = (
			);
			inputPaths = (
				"${PODS_PODFILE_DIR_PATH}/Podfile.lock",
				"${PODS_ROOT}/Manifest.lock",
			);
			name = "[CP] Check Pods Manifest.lock";
			outputFileListPaths = (
			);
			outputPaths = (
				"$(DERIVED_FILE_DIR)/Pods-AIModuleTests-checkManifestLockResult.txt",
			);
			runOnlyForDeploymentPostprocessing = 0;
			shellPath = /bin/sh;
			shellScript = "diff \"${PODS_PODFILE_DIR_PATH}/Podfile.lock\" \"${PODS_ROOT}/Manifest.lock\" > /dev/null\nif [ $? != 0 ] ; then\n    # print error to STDERR\n    echo \"error: The sandbox is not in sync with the Podfile.lock. Run 'pod install' or update your CocoaPods installation.\" >&2\n    exit 1\nfi\n# This output is used by Xcode 'outputs' to avoid re-running this script phase.\necho \"SUCCESS\" > \"${SCRIPT_OUTPUT_FILE_0}\"\n";
			showEnvVarsInLog = 0;
		};
/* End PBXShellScriptBuildPhase section */

/* Begin PBXSourcesBuildPhase section */
		79289F232E1F5FF7007C4B58 /* Sources */ = {
			isa = PBXSourcesBuildPhase;
			buildActionMask = 2147483647;
			files = (
			);
			runOnlyForDeploymentPostprocessing = 0;
		};
		79289F2E2E1F5FF8007C4B58 /* Sources */ = {
			isa = PBXSourcesBuildPhase;
			buildActionMask = 2147483647;
			files = (
			);
			runOnlyForDeploymentPostprocessing = 0;
		};
/* End PBXSourcesBuildPhase section */

/* Begin PBXTargetDependency section */
		79289F352E1F5FF8007C4B58 /* PBXTargetDependency */ = {
			isa = PBXTargetDependency;
			target = 79289F262E1F5FF7007C4B58 /* AIModule */;
			targetProxy = 79289F342E1F5FF8007C4B58 /* PBXContainerItemProxy */;
		};
/* End PBXTargetDependency section */

/* Begin XCBuildConfiguration section */
		79289F392E1F5FF8007C4B58 /* Debug */ = {
			isa = XCBuildConfiguration;
			buildSettings = {
				ALWAYS_SEARCH_USER_PATHS = NO;
				ASSETCATALOG_COMPILER_GENERATE_SWIFT_ASSET_SYMBOL_EXTENSIONS = YES;
				CLANG_ANALYZER_NONNULL = YES;
				CLANG_ANALYZER_NUMBER_OBJECT_CONVERSION = YES_AGGRESSIVE;
				CLANG_CXX_LANGUAGE_STANDARD = "gnu++20";
				CLANG_ENABLE_MODULES = YES;
				CLANG_ENABLE_OBJC_ARC = YES;
				CLANG_ENABLE_OBJC_WEAK = YES;
				CLANG_WARN_BLOCK_CAPTURE_AUTORELEASING = YES;
				CLANG_WARN_BOOL_CONVERSION = YES;
				CLANG_WARN_COMMA = YES;
				CLANG_WARN_CONSTANT_CONVERSION = YES;
				CLANG_WARN_DEPRECATED_OBJC_IMPLEMENTATIONS = YES;
				CLANG_WARN_DIRECT_OBJC_ISA_USAGE = YES_ERROR;
				CLANG_WARN_DOCUMENTATION_COMMENTS = YES;
				CLANG_WARN_EMPTY_BODY = YES;
				CLANG_WARN_ENUM_CONVERSION = YES;
				CLANG_WARN_INFINITE_RECURSION = YES;
				CLANG_WARN_INT_CONVERSION = YES;
				CLANG_WARN_NON_LITERAL_NULL_CONVERSION = YES;
				CLANG_WARN_OBJC_IMPLICIT_RETAIN_SELF = YES;
				CLANG_WARN_OBJC_LITERAL_CONVERSION = YES;
				CLANG_WARN_OBJC_ROOT_CLASS = YES_ERROR;
				CLANG_WARN_QUOTED_INCLUDE_IN_FRAMEWORK_HEADER = YES;
				CLANG_WARN_RANGE_LOOP_ANALYSIS = YES;
				CLANG_WARN_STRICT_PROTOTYPES = YES;
				CLANG_WARN_SUSPICIOUS_MOVE = YES;
				CLANG_WARN_UNGUARDED_AVAILABILITY = YES_AGGRESSIVE;
				CLANG_WARN_UNREACHABLE_CODE = YES;
				CLANG_WARN__DUPLICATE_METHOD_MATCH = YES;
				COPY_PHASE_STRIP = NO;
				CURRENT_PROJECT_VERSION = 1;
				DEBUG_INFORMATION_FORMAT = dwarf;
				ENABLE_STRICT_OBJC_MSGSEND = YES;
				ENABLE_TESTABILITY = YES;
				ENABLE_USER_SCRIPT_SANDBOXING = YES;
				GCC_C_LANGUAGE_STANDARD = gnu17;
				GCC_DYNAMIC_NO_PIC = NO;
				GCC_NO_COMMON_BLOCKS = YES;
				GCC_OPTIMIZATION_LEVEL = 0;
				GCC_PREPROCESSOR_DEFINITIONS = (
					"DEBUG=1",
					"$(inherited)",
				);
				GCC_WARN_64_TO_32_BIT_CONVERSION = YES;
				GCC_WARN_ABOUT_RETURN_TYPE = YES_ERROR;
				GCC_WARN_UNDECLARED_SELECTOR = YES;
				GCC_WARN_UNINITIALIZED_AUTOS = YES_AGGRESSIVE;
				GCC_WARN_UNUSED_FUNCTION = YES;
				GCC_WARN_UNUSED_VARIABLE = YES;
				IPHONEOS_DEPLOYMENT_TARGET = 18.4;
				LOCALIZATION_PREFERS_STRING_CATALOGS = YES;
				MTL_ENABLE_DEBUG_INFO = INCLUDE_SOURCE;
				MTL_FAST_MATH = YES;
				ONLY_ACTIVE_ARCH = YES;
				SDKROOT = iphoneos;
				SWIFT_ACTIVE_COMPILATION_CONDITIONS = "DEBUG $(inherited)";
				SWIFT_OPTIMIZATION_LEVEL = "-Onone";
				VERSIONING_SYSTEM = "apple-generic";
				VERSION_INFO_PREFIX = "";
			};
			name = Debug;
		};
		79289F3A2E1F5FF8007C4B58 /* Release */ = {
			isa = XCBuildConfiguration;
			buildSettings = {
				ALWAYS_SEARCH_USER_PATHS = NO;
				ASSETCATALOG_COMPILER_GENERATE_SWIFT_ASSET_SYMBOL_EXTENSIONS = YES;
				CLANG_ANALYZER_NONNULL = YES;
				CLANG_ANALYZER_NUMBER_OBJECT_CONVERSION = YES_AGGRESSIVE;
				CLANG_CXX_LANGUAGE_STANDARD = "gnu++20";
				CLANG_ENABLE_MODULES = YES;
				CLANG_ENABLE_OBJC_ARC = YES;
				CLANG_ENABLE_OBJC_WEAK = YES;
				CLANG_WARN_BLOCK_CAPTURE_AUTORELEASING = YES;
				CLANG_WARN_BOOL_CONVERSION = YES;
				CLANG_WARN_COMMA = YES;
				CLANG_WARN_CONSTANT_CONVERSION = YES;
				CLANG_WARN_DEPRECATED_OBJC_IMPLEMENTATIONS = YES;
				CLANG_WARN_DIRECT_OBJC_ISA_USAGE = YES_ERROR;
				CLANG_WARN_DOCUMENTATION_COMMENTS = YES;
				CLANG_WARN_EMPTY_BODY = YES;
				CLANG_WARN_ENUM_CONVERSION = YES;
				CLANG_WARN_INFINITE_RECURSION = YES;
				CLANG_WARN_INT_CONVERSION = YES;
				CLANG_WARN_NON_LITERAL_NULL_CONVERSION = YES;
				CLANG_WARN_OBJC_IMPLICIT_RETAIN_SELF = YES;
				CLANG_WARN_OBJC_LITERAL_CONVERSION = YES;
				CLANG_WARN_OBJC_ROOT_CLASS = YES_ERROR;
				CLANG_WARN_QUOTED_INCLUDE_IN_FRAMEWORK_HEADER = YES;
				CLANG_WARN_RANGE_LOOP_ANALYSIS = YES;
				CLANG_WARN_STRICT_PROTOTYPES = YES;
				CLANG_WARN_SUSPICIOUS_MOVE = YES;
				CLANG_WARN_UNGUARDED_AVAILABILITY = YES_AGGRESSIVE;
				CLANG_WARN_UNREACHABLE_CODE = YES;
				CLANG_WARN__DUPLICATE_METHOD_MATCH = YES;
				COPY_PHASE_STRIP = NO;
				CURRENT_PROJECT_VERSION = 1;
				DEBUG_INFORMATION_FORMAT = "dwarf-with-dsym";
				ENABLE_NS_ASSERTIONS = NO;
				ENABLE_STRICT_OBJC_MSGSEND = YES;
				ENABLE_USER_SCRIPT_SANDBOXING = YES;
				GCC_C_LANGUAGE_STANDARD = gnu17;
				GCC_NO_COMMON_BLOCKS = YES;
				GCC_WARN_64_TO_32_BIT_CONVERSION = YES;
				GCC_WARN_ABOUT_RETURN_TYPE = YES_ERROR;
				GCC_WARN_UNDECLARED_SELECTOR = YES;
				GCC_WARN_UNINITIALIZED_AUTOS = YES_AGGRESSIVE;
				GCC_WARN_UNUSED_FUNCTION = YES;
				GCC_WARN_UNUSED_VARIABLE = YES;
				IPHONEOS_DEPLOYMENT_TARGET = 18.4;
				LOCALIZATION_PREFERS_STRING_CATALOGS = YES;
				MTL_ENABLE_DEBUG_INFO = NO;
				MTL_FAST_MATH = YES;
				SDKROOT = iphoneos;
				SWIFT_COMPILATION_MODE = wholemodule;
				VALIDATE_PRODUCT = YES;
				VERSIONING_SYSTEM = "apple-generic";
				VERSION_INFO_PREFIX = "";
			};
			name = Release;
		};
		79289F3C2E1F5FF8007C4B58 /* Debug */ = {
			isa = XCBuildConfiguration;
			baseConfigurationReference = 3285CC321EBCE677B787EFC7 /* Pods-AIModule.debug.xcconfig */;
			buildSettings = {
				BUILD_LIBRARY_FOR_DISTRIBUTION = YES;
				CODE_SIGN_STYLE = Automatic;
				CURRENT_PROJECT_VERSION = 1;
				DYLIB_COMPATIBILITY_VERSION = 1;
				DYLIB_CURRENT_VERSION = 1;
				DYLIB_INSTALL_NAME_BASE = "@rpath";
				ENABLE_MODULE_VERIFIER = YES;
				GENERATE_INFOPLIST_FILE = YES;
				INFOPLIST_KEY_NSHumanReadableCopyright = "";
				INSTALL_PATH = "$(LOCAL_LIBRARY_DIR)/Frameworks";
				LD_RUNPATH_SEARCH_PATHS = (
					"$(inherited)",
					"@executable_path/Frameworks",
					"@loader_path/Frameworks",
				);
				MARKETING_VERSION = 1.0;
				MODULE_VERIFIER_SUPPORTED_LANGUAGES = "objective-c objective-c++";
				MODULE_VERIFIER_SUPPORTED_LANGUAGE_STANDARDS = "gnu17 gnu++20";
				PRODUCT_BUNDLE_IDENTIFIER = com.jch.iOSCleanArchitecture.AIModule;
				PRODUCT_NAME = "$(TARGET_NAME:c99extidentifier)";
				SKIP_INSTALL = YES;
				SWIFT_EMIT_LOC_STRINGS = YES;
				SWIFT_INSTALL_MODULE = YES;
				SWIFT_INSTALL_OBJC_HEADER = NO;
				SWIFT_VERSION = 5.0;
				TARGETED_DEVICE_FAMILY = "1,2";
			};
			name = Debug;
		};
		79289F3D2E1F5FF8007C4B58 /* Release */ = {
			isa = XCBuildConfiguration;
			baseConfigurationReference = 8195670F586D81FC0B888846 /* Pods-AIModule.release.xcconfig */;
			buildSettings = {
				BUILD_LIBRARY_FOR_DISTRIBUTION = YES;
				CODE_SIGN_STYLE = Automatic;
				CURRENT_PROJECT_VERSION = 1;
				DYLIB_COMPATIBILITY_VERSION = 1;
				DYLIB_CURRENT_VERSION = 1;
				DYLIB_INSTALL_NAME_BASE = "@rpath";
				ENABLE_MODULE_VERIFIER = YES;
				GENERATE_INFOPLIST_FILE = YES;
				INFOPLIST_KEY_NSHumanReadableCopyright = "";
				INSTALL_PATH = "$(LOCAL_LIBRARY_DIR)/Frameworks";
				LD_RUNPATH_SEARCH_PATHS = (
					"$(inherited)",
					"@executable_path/Frameworks",
					"@loader_path/Frameworks",
				);
				MARKETING_VERSION = 1.0;
				MODULE_VERIFIER_SUPPORTED_LANGUAGES = "objective-c objective-c++";
				MODULE_VERIFIER_SUPPORTED_LANGUAGE_STANDARDS = "gnu17 gnu++20";
				PRODUCT_BUNDLE_IDENTIFIER = com.jch.iOSCleanArchitecture.AIModule;
				PRODUCT_NAME = "$(TARGET_NAME:c99extidentifier)";
				SKIP_INSTALL = YES;
				SWIFT_EMIT_LOC_STRINGS = YES;
				SWIFT_INSTALL_MODULE = YES;
				SWIFT_INSTALL_OBJC_HEADER = NO;
				SWIFT_VERSION = 5.0;
				TARGETED_DEVICE_FAMILY = "1,2";
			};
			name = Release;
		};
		79289F3F2E1F5FF8007C4B58 /* Debug */ = {
			isa = XCBuildConfiguration;
			baseConfigurationReference = 13115563F153B28A1F6C9BB6 /* Pods-AIModuleTests.debug.xcconfig */;
			buildSettings = {
				CODE_SIGN_STYLE = Automatic;
				CURRENT_PROJECT_VERSION = 1;
				GENERATE_INFOPLIST_FILE = YES;
				MARKETING_VERSION = 1.0;
				PRODUCT_BUNDLE_IDENTIFIER = com.jch.iOSCleanArchitecture.AIModuleTests;
				PRODUCT_NAME = "$(TARGET_NAME)";
				SWIFT_EMIT_LOC_STRINGS = NO;
				SWIFT_VERSION = 5.0;
				TARGETED_DEVICE_FAMILY = "1,2";
			};
			name = Debug;
		};
		79289F402E1F5FF8007C4B58 /* Release */ = {
			isa = XCBuildConfiguration;
			baseConfigurationReference = 6868930AC31A4ED449A7266C /* Pods-AIModuleTests.release.xcconfig */;
			buildSettings = {
				CODE_SIGN_STYLE = Automatic;
				CURRENT_PROJECT_VERSION = 1;
				GENERATE_INFOPLIST_FILE = YES;
				MARKETING_VERSION = 1.0;
				PRODUCT_BUNDLE_IDENTIFIER = com.jch.iOSCleanArchitecture.AIModuleTests;
				PRODUCT_NAME = "$(TARGET_NAME)";
				SWIFT_EMIT_LOC_STRINGS = NO;
				SWIFT_VERSION = 5.0;
				TARGETED_DEVICE_FAMILY = "1,2";
			};
			name = Release;
		};
/* End XCBuildConfiguration section */

/* Begin XCConfigurationList section */
		79289F212E1F5FF7007C4B58 /* Build configuration list for PBXProject "AIModule" */ = {
			isa = XCConfigurationList;
			buildConfigurations = (
				79289F392E1F5FF8007C4B58 /* Debug */,
				79289F3A2E1F5FF8007C4B58 /* Release */,
			);
			defaultConfigurationIsVisible = 0;
			defaultConfigurationName = Release;
		};
		79289F3B2E1F5FF8007C4B58 /* Build configuration list for PBXNativeTarget "AIModule" */ = {
			isa = XCConfigurationList;
			buildConfigurations = (
				79289F3C2E1F5FF8007C4B58 /* Debug */,
				79289F3D2E1F5FF8007C4B58 /* Release */,
			);
			defaultConfigurationIsVisible = 0;
			defaultConfigurationName = Release;
		};
		79289F3E2E1F5FF8007C4B58 /* Build configuration list for PBXNativeTarget "AIModuleTests" */ = {
			isa = XCConfigurationList;
			buildConfigurations = (
				79289F3F2E1F5FF8007C4B58 /* Debug */,
				79289F402E1F5FF8007C4B58 /* Release */,
			);
			defaultConfigurationIsVisible = 0;
			defaultConfigurationName = Release;
		};
/* End XCConfigurationList section */
	};
	rootObject = 79289F1E2E1F5FF7007C4B58 /* Project object */;
}
